
Microsoft Visual Studio Solution File, Format Version 12.00
# Visual Studio 14
VisualStudioVersion = 14.0.24720.0
MinimumVisualStudioVersion = 10.0.40219.1
Project("{FAE04EC0-301F-11D3-BF4B-00C04F79EFBC}") = "EncounterSimulator", "EncounterHelper\EncounterSimulator.csproj", "{706FE8E5-A697-4ADF-8E64-312855F10D98}"
EndProject
Project("{FAE04EC0-301F-11D3-BF4B-00C04F79EFBC}") = "Helper", "Helper\Helper.csproj", "{08A71BA5-C862-46D5-9EF8-ABD9571C9242}"
EndProject
Project("{FAE04EC0-301F-11D3-BF4B-00C04F79EFBC}") = "DmHelperGui", "DmHelperGui\DmHelperGui.csproj", "{7AC55114-6EA9-4973-9138-EBD2275C8F99}"
EndProject
Project("{FAE04EC0-301F-11D3-BF4B-00C04F79EFBC}") = "Model", "Model\Model.csproj", "{00B54C09-0891-489F-A98C-87A2CC8E3439}"
EndProject
Project("{2150E333-8FDC-42A3-9474-1A3956D46DE8}") = "Application", "Application", "{A0F998D1-A432-498A-B0F2-74CE19BCAB56}"
EndProject
Project("{2150E333-8FDC-42A3-9474-1A3956D46DE8}") = "Utils", "Utils", "{13B639A5-77DF-4C21-B59B-0F3A54D3896C}"
EndProject
Project("{2150E333-8FDC-42A3-9474-1A3956D46DE8}") = "Test", "Test", "{B3886BF6-7212-4C04-B6F9-EEEB021213C2}"
EndProject
Project("{FAE04EC0-301F-11D3-BF4B-00C04F79EFBC}") = "Database", "Database\Database.csproj", "{28236109-FC91-47FA-A569-82DD44DE762E}"
EndProject
Project("{FAE04EC0-301F-11D3-BF4B-00C04F79EFBC}") = "ViewModel", "ViewModel\ViewModel.csproj", "{B645CD7B-DFB6-49E9-B8FF-A537E38167F4}"
EndProject
Project("{FAE04EC0-301F-11D3-BF4B-00C04F79EFBC}") = "Controller", "Controller\Controller.csproj", "{C0A37C69-A204-4DEB-BAFE-6911E1C102CB}"
EndProject
Global
	GlobalSection(SolutionConfigurationPlatforms) = preSolution
		Debug|Any CPU = Debug|Any CPU
		Release|Any CPU = Release|Any CPU
	EndGlobalSection
	GlobalSection(ProjectConfigurationPlatforms) = postSolution
		{706FE8E5-A697-4ADF-8E64-312855F10D98}.Debug|Any CPU.ActiveCfg = Debug|Any CPU
		{706FE8E5-A697-4ADF-8E64-312855F10D98}.Debug|Any CPU.Build.0 = Debug|Any CPU
		{706FE8E5-A697-4ADF-8E64-312855F10D98}.Release|Any CPU.ActiveCfg = Release|Any CPU
		{706FE8E5-A697-4ADF-8E64-312855F10D98}.Release|Any CPU.Build.0 = Release|Any CPU
		{08A71BA5-C862-46D5-9EF8-ABD9571C9242}.Debug|Any CPU.ActiveCfg = Debug|Any CPU
		{08A71BA5-C862-46D5-9EF8-ABD9571C9242}.Debug|Any CPU.Build.0 = Debug|Any CPU
		{08A71BA5-C862-46D5-9EF8-ABD9571C9242}.Release|Any CPU.ActiveCfg = Release|Any CPU
		{08A71BA5-C862-46D5-9EF8-ABD9571C9242}.Release|Any CPU.Build.0 = Release|Any CPU
		{7AC55114-6EA9-4973-9138-EBD2275C8F99}.Debug|Any CPU.ActiveCfg = Debug|Any CPU
		{7AC55114-6EA9-4973-9138-EBD2275C8F99}.Debug|Any CPU.Build.0 = Debug|Any CPU
		{7AC55114-6EA9-4973-9138-EBD2275C8F99}.Release|Any CPU.ActiveCfg = Release|Any CPU
		{7AC55114-6EA9-4973-9138-EBD2275C8F99}.Release|Any CPU.Build.0 = Release|Any CPU
		{00B54C09-0891-489F-A98C-87A2CC8E3439}.Debug|Any CPU.ActiveCfg = Debug|Any CPU
		{00B54C09-0891-489F-A98C-87A2CC8E3439}.Debug|Any CPU.Build.0 = Debug|Any CPU
		{00B54C09-0891-489F-A98C-87A2CC8E3439}.Release|Any CPU.ActiveCfg = Release|Any CPU
		{00B54C09-0891-489F-A98C-87A2CC8E3439}.Release|Any CPU.Build.0 = Release|Any CPU
		{28236109-FC91-47FA-A569-82DD44DE762E}.Debug|Any CPU.ActiveCfg = Debug|Any CPU
		{28236109-FC91-47FA-A569-82DD44DE762E}.Debug|Any CPU.Build.0 = Debug|Any CPU
		{28236109-FC91-47FA-A569-82DD44DE762E}.Release|Any CPU.ActiveCfg = Release|Any CPU
		{28236109-FC91-47FA-A569-82DD44DE762E}.Release|Any CPU.Build.0 = Release|Any CPU
		{B645CD7B-DFB6-49E9-B8FF-A537E38167F4}.Debug|Any CPU.ActiveCfg = Debug|Any CPU
		{B645CD7B-DFB6-49E9-B8FF-A537E38167F4}.Debug|Any CPU.Build.0 = Debug|Any CPU
		{B645CD7B-DFB6-49E9-B8FF-A537E38167F4}.Release|Any CPU.ActiveCfg = Release|Any CPU
		{B645CD7B-DFB6-49E9-B8FF-A537E38167F4}.Release|Any CPU.Build.0 = Release|Any CPU
		{C0A37C69-A204-4DEB-BAFE-6911E1C102CB}.Debug|Any CPU.ActiveCfg = Debug|Any CPU
		{C0A37C69-A204-4DEB-BAFE-6911E1C102CB}.Debug|Any CPU.Build.0 = Debug|Any CPU
		{C0A37C69-A204-4DEB-BAFE-6911E1C102CB}.Release|Any CPU.ActiveCfg = Release|Any CPU
		{C0A37C69-A204-4DEB-BAFE-6911E1C102CB}.Release|Any CPU.Build.0 = Release|Any CPU
	EndGlobalSection
	GlobalSection(SolutionProperties) = preSolution
		HideSolutionNode = FALSE
	EndGlobalSection
	GlobalSection(NestedProjects) = preSolution
		{706FE8E5-A697-4ADF-8E64-312855F10D98} = {A0F998D1-A432-498A-B0F2-74CE19BCAB56}
		{08A71BA5-C862-46D5-9EF8-ABD9571C9242} = {13B639A5-77DF-4C21-B59B-0F3A54D3896C}
		{7AC55114-6EA9-4973-9138-EBD2275C8F99} = {A0F998D1-A432-498A-B0F2-74CE19BCAB56}
		{00B54C09-0891-489F-A98C-87A2CC8E3439} = {A0F998D1-A432-498A-B0F2-74CE19BCAB56}
		{28236109-FC91-47FA-A569-82DD44DE762E} = {A0F998D1-A432-498A-B0F2-74CE19BCAB56}
		{B645CD7B-DFB6-49E9-B8FF-A537E38167F4} = {A0F998D1-A432-498A-B0F2-74CE19BCAB56}
		{C0A37C69-A204-4DEB-BAFE-6911E1C102CB} = {A0F998D1-A432-498A-B0F2-74CE19BCAB56}
	EndGlobalSection
EndGlobal
